// !$*UTF8*$!
{
	archiveVersion = 1;
	classes = {
	};
	objectVersion = 50;
	objects = {

/* Begin PBXBuildFile section */
		B62FF2B5210066F8006F7EEF /* AppDelegate.m in Sources */ = {isa = PBXBuildFile; fileRef = B62FF2B4210066F8006F7EEF /* AppDelegate.m */; };
		B62FF2B8210066F8006F7EEF /* ViewController.m in Sources */ = {isa = PBXBuildFile; fileRef = B62FF2B7210066F8006F7EEF /* ViewController.m */; };
		B62FF2BB210066F8006F7EEF /* Main.storyboard in Resources */ = {isa = PBXBuildFile; fileRef = B62FF2B9210066F8006F7EEF /* Main.storyboard */; };
		B62FF2BD210066F9006F7EEF /* Assets.xcassets in Resources */ = {isa = PBXBuildFile; fileRef = B62FF2BC210066F9006F7EEF /* Assets.xcassets */; };
		B62FF2C0210066F9006F7EEF /* LaunchScreen.storyboard in Resources */ = {isa = PBXBuildFile; fileRef = B62FF2BE210066F9006F7EEF /* LaunchScreen.storyboard */; };
		B62FF2C3210066F9006F7EEF /* main.m in Sources */ = {isa = PBXBuildFile; fileRef = B62FF2C2210066F9006F7EEF /* main.m */; };
		B62FF2CD210066FA006F7EEF /* __Tests.m in Sources */ = {isa = PBXBuildFile; fileRef = B62FF2CC210066FA006F7EEF /* __Tests.m */; };
		B62FF2D8210066FA006F7EEF /* __UITests.m in Sources */ = {isa = PBXBuildFile; fileRef = B62FF2D7210066FA006F7EEF /* __UITests.m */; };
/* End PBXBuildFile section */

/* Begin PBXContainerItemProxy section */
		B62FF2C9210066FA006F7EEF /* PBXContainerItemProxy */ = {
			isa = PBXContainerItemProxy;
			containerPortal = B62FF2A8210066F8006F7EEF /* Project object */;
			proxyType = 1;
			remoteGlobalIDString = B62FF2AF210066F8006F7EEF;
			remoteInfo = "画板";
		};
		B62FF2D4210066FA006F7EEF /* PBXContainerItemProxy */ = {
			isa = PBXContainerItemProxy;
			containerPortal = B62FF2A8210066F8006F7EEF /* Project object */;
			proxyType = 1;
			remoteGlobalIDString = B62FF2AF210066F8006F7EEF;
			remoteInfo = "画板";
		};
/* End PBXContainerItemProxy section */

/* Begin PBXFileReference section */
		B62FF2B0210066F8006F7EEF /* 画板.app */ = {isa = PBXFileReference; explicitFileType = wrapper.application; includeInIndex = 0; path = "画板.app"; sourceTree = BUILT_PRODUCTS_DIR; };
		B62FF2B3210066F8006F7EEF /* AppDelegate.h */ = {isa = PBXFileReference; lastKnownFileType = sourcecode.c.h; path = AppDelegate.h; sourceTree = "<group>"; };
		B62FF2B4210066F8006F7EEF /* AppDelegate.m */ = {isa = PBXFileReference; lastKnownFileType = sourcecode.c.objc; path = AppDelegate.m; sourceTree = "<group>"; };
		B62FF2B6210066F8006F7EEF /* ViewController.h */ = {isa = PBXFileReference; lastKnownFileType = sourcecode.c.h; path = ViewController.h; sourceTree = "<group>"; };
		B62FF2B7210066F8006F7EEF /* ViewController.m */ = {isa = PBXFileReference; lastKnownFileType = sourcecode.c.objc; path = ViewController.m; sourceTree = "<group>"; };
		B62FF2BA210066F8006F7EEF /* Base */ = {isa = PBXFileReference; lastKnownFileType = file.storyboard; name = Base; path = Base.lproj/Main.storyboard; sourceTree = "<group>"; };
		B62FF2BC210066F9006F7EEF /* Assets.xcassets */ = {isa = PBXFileReference; lastKnownFileType = folder.assetcatalog; path = Assets.xcassets; sourceTree = "<group>"; };
		B62FF2BF210066F9006F7EEF /* Base */ = {isa = PBXFileReference; lastKnownFileType = file.storyboard; name = Base; path = Base.lproj/LaunchScreen.storyboard; sourceTree = "<group>"; };
		B62FF2C1210066F9006F7EEF /* Info.plist */ = {isa = PBXFileReference; lastKnownFileType = text.plist.xml; path = Info.plist; sourceTree = "<group>"; };
		B62FF2C2210066F9006F7EEF /* main.m */ = {isa = PBXFileReference; lastKnownFileType = sourcecode.c.objc; path = main.m; sourceTree = "<group>"; };
		B62FF2C8210066FA006F7EEF /* 画板Tests.xctest */ = {isa = PBXFileReference; explicitFileType = wrapper.cfbundle; includeInIndex = 0; path = "画板Tests.xctest"; sourceTree = BUILT_PRODUCTS_DIR; };
		B62FF2CC210066FA006F7EEF /* __Tests.m */ = {isa = PBXFileReference; lastKnownFileType = sourcecode.c.objc; path = __Tests.m; sourceTree = "<group>"; };
		B62FF2CE210066FA006F7EEF /* Info.plist */ = {isa = PBXFileReference; lastKnownFileType = text.plist.xml; path = Info.plist; sourceTree = "<group>"; };
		B62FF2D3210066FA006F7EEF /* 画板UITests.xctest */ = {isa = PBXFileReference; explicitFileType = wrapper.cfbundle; includeInIndex = 0; path = "画板UITests.xctest"; sourceTree = BUILT_PRODUCTS_DIR; };
		B62FF2D7210066FA006F7EEF /* __UITests.m */ = {isa = PBXFileReference; lastKnownFileType = sourcecode.c.objc; path = __UITests.m; sourceTree = "<group>"; };
		B62FF2D9210066FA006F7EEF /* Info.plist */ = {isa = PBXFileReference; lastKnownFileType = text.plist.xml; path = Info.plist; sourceTree = "<group>"; };
/* End PBXFileReference section */

/* Begin PBXFrameworksBuildPhase section */
		B62FF2AD210066F8006F7EEF /* Frameworks */ = {
			isa = PBXFrameworksBuildPhase;
			buildActionMask = 2147483647;
			files = (
			);
			runOnlyForDeploymentPostprocessing = 0;
		};
		B62FF2C5210066FA006F7EEF /* Frameworks */ = {
			isa = PBXFrameworksBuildPhase;
			buildActionMask = 2147483647;
			files = (
			);
			runOnlyForDeploymentPostprocessing = 0;
		};
		B62FF2D0210066FA006F7EEF /* Frameworks */ = {
			isa = PBXFrameworksBuildPhase;
			buildActionMask = 2147483647;
			files = (
			);
			runOnlyForDeploymentPostprocessing = 0;
		};
/* End PBXFrameworksBuildPhase section */

/* Begin PBXGroup section */
		B62FF2A7210066F8006F7EEF = {
			isa = PBXGroup;
			children = (
				B62FF2B2210066F8006F7EEF /* 画板 */,
				B62FF2CB210066FA006F7EEF /* 画板Tests */,
				B62FF2D6210066FA006F7EEF /* 画板UITests */,
				B62FF2B1210066F8006F7EEF /* Products */,
			);
			sourceTree = "<group>";
		};
		B62FF2B1210066F8006F7EEF /* Products */ = {
			isa = PBXGroup;
			children = (
				B62FF2B0210066F8006F7EEF /* 画板.app */,
				B62FF2C8210066FA006F7EEF /* 画板Tests.xctest */,
				B62FF2D3210066FA006F7EEF /* 画板UITests.xctest */,
			);
			name = Products;
			sourceTree = "<group>";
		};
		B62FF2B2210066F8006F7EEF /* 画板 */ = {
			isa = PBXGroup;
			children = (
				B62FF2B3210066F8006F7EEF /* AppDelegate.h */,
				B62FF2B4210066F8006F7EEF /* AppDelegate.m */,
				B62FF2B6210066F8006F7EEF /* ViewController.h */,
				B62FF2B7210066F8006F7EEF /* ViewController.m */,
				B62FF2B9210066F8006F7EEF /* Main.storyboard */,
				B62FF2BC210066F9006F7EEF /* Assets.xcassets */,
				B62FF2BE210066F9006F7EEF /* LaunchScreen.storyboard */,
				B62FF2C1210066F9006F7EEF /* Info.plist */,
				B62FF2C2210066F9006F7EEF /* main.m */,
			);
			path = "画板";
			sourceTree = "<group>";
		};
		B62FF2CB210066FA006F7EEF /* 画板Tests */ = {
			isa = PBXGroup;
			children = (
				B62FF2CC210066FA006F7EEF /* __Tests.m */,
				B62FF2CE210066FA006F7EEF /* Info.plist */,
			);
			path = "画板Tests";
			sourceTree = "<group>";
		};
		B62FF2D6210066FA006F7EEF /* 画板UITests */ = {
			isa = PBXGroup;
			children = (
				B62FF2D7210066FA006F7EEF /* __UITests.m */,
				B62FF2D9210066FA006F7EEF /* Info.plist */,
			);
			path = "画板UITests";
			sourceTree = "<group>";
		};
/* End PBXGroup section */

/* Begin PBXNativeTarget section */
		B62FF2AF210066F8006F7EEF /* 画板 */ = {
			isa = PBXNativeTarget;
			buildConfigurationList = B62FF2DC210066FA006F7EEF /* Build configuration list for PBXNativeTarget "画板" */;
			buildPhases = (
				B62FF2AC210066F8006F7EEF /* Sources */,
				B62FF2AD210066F8006F7EEF /* Frameworks */,
				B62FF2AE210066F8006F7EEF /* Resources */,
			);
			buildRules = (
			);
			dependencies = (
			);
			name = "画板";
			productName = "画板";
			productReference = B62FF2B0210066F8006F7EEF /* 画板.app */;
			productType = "com.apple.product-type.application";
		};
		B62FF2C7210066FA006F7EEF /* 画板Tests */ = {
			isa = PBXNativeTarget;
			buildConfigurationList = B62FF2DF210066FA006F7EEF /* Build configuration list for PBXNativeTarget "画板Tests" */;
			buildPhases = (
				B62FF2C4210066FA006F7EEF /* Sources */,
				B62FF2C5210066FA006F7EEF /* Frameworks */,
				B62FF2C6210066FA006F7EEF /* Resources */,
			);
			buildRules = (
			);
			dependencies = (
				B62FF2CA210066FA006F7EEF /* PBXTargetDependency */,
			);
			name = "画板Tests";
			productName = "画板Tests";
			productReference = B62FF2C8210066FA006F7EEF /* 画板Tests.xctest */;
			productType = "com.apple.product-type.bundle.unit-test";
		};
		B62FF2D2210066FA006F7EEF /* 画板UITests */ = {
			isa = PBXNativeTarget;
			buildConfigurationList = B62FF2E2210066FA006F7EEF /* Build configuration list for PBXNativeTarget "画板UITests" */;
			buildPhases = (
				B62FF2CF210066FA006F7EEF /* Sources */,
				B62FF2D0210066FA006F7EEF /* Frameworks */,
				B62FF2D1210066FA006F7EEF /* Resources */,
			);
			buildRules = (
			);
			dependencies = (
				B62FF2D5210066FA006F7EEF /* PBXTargetDependency */,
			);
			name = "画板UITests";
			productName = "画板UITests";
			productReference = B62FF2D3210066FA006F7EEF /* 画板UITests.xctest */;
			productType = "com.apple.product-type.bundle.ui-testing";
		};
/* End PBXNativeTarget section */

/* Begin PBXProject section */
		B62FF2A8210066F8006F7EEF /* Project object */ = {
			isa = PBXProject;
			attributes = {
				LastUpgradeCheck = 0940;
				ORGANIZATIONNAME = com.appTest.app;
				TargetAttributes = {
					B62FF2AF210066F8006F7EEF = {
						CreatedOnToolsVersion = 9.4.1;
					};
					B62FF2C7210066FA006F7EEF = {
						CreatedOnToolsVersion = 9.4.1;
						TestTargetID = B62FF2AF210066F8006F7EEF;
					};
					B62FF2D2210066FA006F7EEF = {
						CreatedOnToolsVersion = 9.4.1;
						TestTargetID = B62FF2AF210066F8006F7EEF;
					};
				};
			};
			buildConfigurationList = B62FF2AB210066F8006F7EEF /* Build configuration list for PBXProject "画板" */;
			compatibilityVersion = "Xcode 9.3";
			developmentRegion = en;
			hasScannedForEncodings = 0;
			knownRegions = (
				en,
				Base,
			);
			mainGroup = B62FF2A7210066F8006F7EEF;
			productRefGroup = B62FF2B1210066F8006F7EEF /* Products */;
			projectDirPath = "";
			projectRoot = "";
			targets = (
				B62FF2AF210066F8006F7EEF /* 画板 */,
				B62FF2C7210066FA006F7EEF /* 画板Tests */,
				B62FF2D2210066FA006F7EEF /* 画板UITests */,
			);
		};
/* End PBXProject section */

/* Begin PBXResourcesBuildPhase section */
		B62FF2AE210066F8006F7EEF /* Resources */ = {
			isa = PBXResourcesBuildPhase;
			buildActionMask = 2147483647;
			files = (
				B62FF2C0210066F9006F7EEF /* LaunchScreen.storyboard in Resources */,
				B62FF2BD210066F9006F7EEF /* Assets.xcassets in Resources */,
				B62FF2BB210066F8006F7EEF /* Main.storyboard in Resources */,
			);
			runOnlyForDeploymentPostprocessing = 0;
		};
		B62FF2C6210066FA006F7EEF /* Resources */ = {
			isa = PBXResourcesBuildPhase;
			buildActionMask = 2147483647;
			files = (
			);
			runOnlyForDeploymentPostprocessing = 0;
		};
		B62FF2D1210066FA006F7EEF /* Resources */ = {
			isa = PBXResourcesBuildPhase;
			buildActionMask = 2147483647;
			files = (
			);
			runOnlyForDeploymentPostprocessing = 0;
		};
/* End PBXResourcesBuildPhase section */

/* Begin PBXSourcesBuildPhase section */
		B62FF2AC210066F8006F7EEF /* Sources */ = {
			isa = PBXSourcesBuildPhase;
			buildActionMask = 2147483647;
			files = (
				B62FF2B8210066F8006F7EEF /* ViewController.m in Sources */,
				B62FF2C3210066F9006F7EEF /* main.m in Sources */,
				B62FF2B5210066F8006F7EEF /* AppDelegate.m in Sources */,
			);
			runOnlyForDeploymentPostprocessing = 0;
		};
		B62FF2C4210066FA006F7EEF /* Sources */ = {
			isa = PBXSourcesBuildPhase;
			buildActionMask = 2147483647;
			files = (
				B62FF2CD210066FA006F7EEF /* __Tests.m in Sources */,
			);
			runOnlyForDeploymentPostprocessing = 0;
		};
		B62FF2CF210066FA006F7EEF /* Sources */ = {
			isa = PBXSourcesBuildPhase;
			buildActionMask = 2147483647;
			files = (
				B62FF2D8210066FA006F7EEF /* __UITests.m in Sources */,
			);
			runOnlyForDeploymentPostprocessing = 0;
		};
/* End PBXSourcesBuildPhase section */

/* Begin PBXTargetDependency section */
		B62FF2CA210066FA006F7EEF /* PBXTargetDependency */ = {
			isa = PBXTargetDependency;
			target = B62FF2AF210066F8006F7EEF /* 画板 */;
			targetProxy = B62FF2C9210066FA006F7EEF /* PBXContainerItemProxy */;
		};
		B62FF2D5210066FA006F7EEF /* PBXTargetDependency */ = {
			isa = PBXTargetDependency;
			target = B62FF2AF210066F8006F7EEF /* 画板 */;
			targetProxy = B62FF2D4210066FA006F7EEF /* PBXContainerItemProxy */;
		};
/* End PBXTargetDependency section */

/* Begin PBXVariantGroup section */
		B62FF2B9210066F8006F7EEF /* Main.storyboard */ = {
			isa = PBXVariantGroup;
			children = (
				B62FF2BA210066F8006F7EEF /* Base */,
			);
			name = Main.storyboard;
			sourceTree = "<group>";
		};
		B62FF2BE210066F9006F7EEF /* LaunchScreen.storyboard */ = {
			isa = PBXVariantGroup;
			children = (
				B62FF2BF210066F9006F7EEF /* Base */,
			);
			name = LaunchScreen.storyboard;
			sourceTree = "<group>";
		};
/* End PBXVariantGroup section */

/* Begin XCBuildConfiguration section */
		B62FF2DA210066FA006F7EEF /* Debug */ = {
			isa = XCBuildConfiguration;
			buildSettings = {
				ALWAYS_SEARCH_USER_PATHS = NO;
				CLANG_ANALYZER_NONNULL = YES;
				CLANG_ANALYZER_NUMBER_OBJECT_CONVERSION = YES_AGGRESSIVE;
				CLANG_CXX_LANGUAGE_STANDARD = "gnu++14";
				CLANG_CXX_LIBRARY = "libc++";
				CLANG_ENABLE_MODULES = YES;
				CLANG_ENABLE_OBJC_ARC = YES;
				CLANG_ENABLE_OBJC_WEAK = YES;
				CLANG_WARN_BLOCK_CAPTURE_AUTORELEASING = YES;
				CLANG_WARN_BOOL_CONVERSION = YES;
				CLANG_WARN_COMMA = YES;
				CLANG_WARN_CONSTANT_CONVERSION = YES;
				CLANG_WARN_DEPRECATED_OBJC_IMPLEMENTATIONS = YES;
				CLANG_WARN_DIRECT_OBJC_ISA_USAGE = YES_ERROR;
				CLANG_WARN_DOCUMENTATION_COMMENTS = YES;
				CLANG_WARN_EMPTY_BODY = YES;
				CLANG_WARN_ENUM_CONVERSION = YES;
				CLANG_WARN_INFINITE_RECURSION = YES;
				CLANG_WARN_INT_CONVERSION = YES;
				CLANG_WARN_NON_LITERAL_NULL_CONVERSION = YES;
				CLANG_WARN_OBJC_IMPLICIT_RETAIN_SELF = YES;
				CLANG_WARN_OBJC_LITERAL_CONVERSION = YES;
				CLANG_WARN_OBJC_ROOT_CLASS = YES_ERROR;
				CLANG_WARN_RANGE_LOOP_ANALYSIS = YES;
				CLANG_WARN_STRICT_PROTOTYPES = YES;
				CLANG_WARN_SUSPICIOUS_MOVE = YES;
				CLANG_WARN_UNGUARDED_AVAILABILITY = YES_AGGRESSIVE;
				CLANG_WARN_UNREACHABLE_CODE = YES;
				CLANG_WARN__DUPLICATE_METHOD_MATCH = YES;
				CODE_SIGN_IDENTITY = "iPhone Developer";
				COPY_PHASE_STRIP = NO;
				DEBUG_INFORMATION_FORMAT = dwarf;
				ENABLE_STRICT_OBJC_MSGSEND = YES;
				ENABLE_TESTABILITY = YES;
				GCC_C_LANGUAGE_STANDARD = gnu11;
				GCC_DYNAMIC_NO_PIC = NO;
				GCC_NO_COMMON_BLOCKS = YES;
				GCC_OPTIMIZATION_LEVEL = 0;
				GCC_PREPROCESSOR_DEFINITIONS = (
					"DEBUG=1",
					"$(inherited)",
				);
				GCC_WARN_64_TO_32_BIT_CONVERSION = YES;
				GCC_WARN_ABOUT_RETURN_TYPE = YES_ERROR;
				GCC_WARN_UNDECLARED_SELECTOR = YES;
				GCC_WARN_UNINITIALIZED_AUTOS = YES_AGGRESSIVE;
				GCC_WARN_UNUSED_FUNCTION = YES;
				GCC_WARN_UNUSED_VARIABLE = YES;
				IPHONEOS_DEPLOYMENT_TARGET = 11.4;
				MTL_ENABLE_DEBUG_INFO = YES;
				ONLY_ACTIVE_ARCH = YES;
				SDKROOT = iphoneos;
			};
			name = Debug;
		};
		B62FF2DB210066FA006F7EEF /* Release */ = {
			isa = XCBuildConfiguration;
			buildSettings = {
				ALWAYS_SEARCH_USER_PATHS = NO;
				CLANG_ANALYZER_NONNULL = YES;
				CLANG_ANALYZER_NUMBER_OBJECT_CONVERSION = YES_AGGRESSIVE;
				CLANG_CXX_LANGUAGE_STANDARD = "gnu++14";
				CLANG_CXX_LIBRARY = "libc++";
				CLANG_ENABLE_MODULES = YES;
				CLANG_ENABLE_OBJC_ARC = YES;
				CLANG_ENABLE_OBJC_WEAK = YES;
				CLANG_WARN_BLOCK_CAPTURE_AUTORELEASING = YES;
				CLANG_WARN_BOOL_CONVERSION = YES;
				CLANG_WARN_COMMA = YES;
				CLANG_WARN_CONSTANT_CONVERSION = YES;
				CLANG_WARN_DEPRECATED_OBJC_IMPLEMENTATIONS = YES;
				CLANG_WARN_DIRECT_OBJC_ISA_USAGE = YES_ERROR;
				CLANG_WARN_DOCUMENTATION_COMMENTS = YES;
				CLANG_WARN_EMPTY_BODY = YES;
				CLANG_WARN_ENUM_CONVERSION = YES;
				CLANG_WARN_INFINITE_RECURSION = YES;
				CLANG_WARN_INT_CONVERSION = YES;
				CLANG_WARN_NON_LITERAL_NULL_CONVERSION = YES;
				CLANG_WARN_OBJC_IMPLICIT_RETAIN_SELF = YES;
				CLANG_WARN_OBJC_LITERAL_CONVERSION = YES;
				CLANG_WARN_OBJC_ROOT_CLASS = YES_ERROR;
				CLANG_WARN_RANGE_LOOP_ANALYSIS = YES;
				CLANG_WARN_STRICT_PROTOTYPES = YES;
				CLANG_WARN_SUSPICIOUS_MOVE = YES;
				CLANG_WARN_UNGUARDED_AVAILABILITY = YES_AGGRESSIVE;
				CLANG_WARN_UNREACHABLE_CODE = YES;
				CLANG_WARN__DUPLICATE_METHOD_MATCH = YES;
				CODE_SIGN_IDENTITY = "iPhone Developer";
				COPY_PHASE_STRIP = NO;
				DEBUG_INFORMATION_FORMAT = "dwarf-with-dsym";
				ENABLE_NS_ASSERTIONS = NO;
				ENABLE_STRICT_OBJC_MSGSEND = YES;
				GCC_C_LANGUAGE_STANDARD = gnu11;
				GCC_NO_COMMON_BLOCKS = YES;
				GCC_WARN_64_TO_32_BIT_CONVERSION = YES;
				GCC_WARN_ABOUT_RETURN_TYPE = YES_ERROR;
				GCC_WARN_UNDECLARED_SELECTOR = YES;
				GCC_WARN_UNINITIALIZED_AUTOS = YES_AGGRESSIVE;
				GCC_WARN_UNUSED_FUNCTION = YES;
				GCC_WARN_UNUSED_VARIABLE = YES;
				IPHONEOS_DEPLOYMENT_TARGET = 11.4;
				MTL_ENABLE_DEBUG_INFO = NO;
				SDKROOT = iphoneos;
				VALIDATE_PRODUCT = YES;
			};
			name = Release;
		};
		B62FF2DD210066FA006F7EEF /* Debug */ = {
			isa = XCBuildConfiguration;
			buildSettings = {
				ASSETCATALOG_COMPILER_APPICON_NAME = AppIcon;
				CODE_SIGN_STYLE = Automatic;
				DEVELOPMENT_TEAM = BGQAQ8QW8Q;
				INFOPLIST_FILE = "画板/Info.plist";
				LD_RUNPATH_SEARCH_PATHS = (
					"$(inherited)",
					"@executable_path/Frameworks",
				);
				PRODUCT_BUNDLE_IDENTIFIER = "com.appTest.app.--";
				PRODUCT_NAME = "$(TARGET_NAME)";
				TARGETED_DEVICE_FAMILY = "1,2";
			};
			name = Debug;
		};
		B62FF2DE210066FA006F7EEF /* Release */ = {
			isa = XCBuildConfiguration;
			buildSettings = {
				ASSETCATALOG_COMPILER_APPICON_NAME = AppIcon;
				CODE_SIGN_STYLE = Automatic;
				DEVELOPMENT_TEAM = BGQAQ8QW8Q;
				INFOPLIST_FILE = "画板/Info.plist";
				LD_RUNPATH_SEARCH_PATHS = (
					"$(inherited)",
					"@executable_path/Frameworks",
				);
				PRODUCT_BUNDLE_IDENTIFIER = "com.appTest.app.--";
				PRODUCT_NAME = "$(TARGET_NAME)";
				TARGETED_DEVICE_FAMILY = "1,2";
			};
			name = Release;
		};
		B62FF2E0210066FA006F7EEF /* Debug */ = {
			isa = XCBuildConfiguration;
			buildSettings = {
				BUNDLE_LOADER = "$(TEST_HOST)";
				CODE_SIGN_STYLE = Automatic;
				DEVELOPMENT_TEAM = BGQAQ8QW8Q;
				INFOPLIST_FILE = "画板Tests/Info.plist";
				LD_RUNPATH_SEARCH_PATHS = (
					"$(inherited)",
					"@executable_path/Frameworks",
					"@loader_path/Frameworks",
				);
				PRODUCT_BUNDLE_IDENTIFIER = "com.appTest.app.--Tests";
				PRODUCT_NAME = "$(TARGET_NAME)";
				TARGETED_DEVICE_FAMILY = "1,2";
				TEST_HOST = "$(BUILT_PRODUCTS_DIR)/画板.app/画板";
			};
			name = Debug;
		};
		B62FF2E1210066FA006F7EEF /* Release */ = {
			isa = XCBuildConfiguration;
			buildSettings = {
				BUNDLE_LOADER = "$(TEST_HOST)";
				CODE_SIGN_STYLE = Automatic;
				DEVELOPMENT_TEAM = BGQAQ8QW8Q;
				INFOPLIST_FILE = "画板Tests/Info.plist";
				LD_RUNPATH_SEARCH_PATHS = (
					"$(inherited)",
					"@executable_path/Frameworks",
					"@loader_path/Frameworks",
				);
				PRODUCT_BUNDLE_IDENTIFIER = "com.appTest.app.--Tests";
				PRODUCT_NAME = "$(TARGET_NAME)";
				TARGETED_DEVICE_FAMILY = "1,2";
				TEST_HOST = "$(BUILT_PRODUCTS_DIR)/画板.app/画板";
			};
			name = Release;
		};
		B62FF2E3210066FA006F7EEF /* Debug */ = {
			isa = XCBuildConfiguration;
			buildSettings = {
				CODE_SIGN_STYLE = Automatic;
				DEVELOPMENT_TEAM = BGQAQ8QW8Q;
				INFOPLIST_FILE = "画板UITests/Info.plist";
				LD_RUNPATH_SEARCH_PATHS = (
					"$(inherited)",
					"@executable_path/Frameworks",
					"@loader_path/Frameworks",
				);
				PRODUCT_BUNDLE_IDENTIFIER = "com.appTest.app.--UITests";
				PRODUCT_NAME = "$(TARGET_NAME)";
				TARGETED_DEVICE_FAMILY = "1,2";
				TEST_TARGET_NAME = "画板";
			};
			name = Debug;
		};
		B62FF2E4210066FA006F7EEF /* Release */ = {
			isa = XCBuildConfiguration;
			buildSettings = {
				CODE_SIGN_STYLE = Automatic;
				DEVELOPMENT_TEAM = BGQAQ8QW8Q;
				INFOPLIST_FILE = "画板UITests/Info.plist";
				LD_RUNPATH_SEARCH_PATHS = (
					"$(inherited)",
					"@executable_path/Frameworks",
					"@loader_path/Frameworks",
				);
				PRODUCT_BUNDLE_IDENTIFIER = "com.appTest.app.--UITests";
				PRODUCT_NAME = "$(TARGET_NAME)";
				TARGETED_DEVICE_FAMILY = "1,2";
				TEST_TARGET_NAME = "画板";
			};
			name = Release;
		};
/* End XCBuildConfiguration section */

/* Begin XCConfigurationList section */
		B62FF2AB210066F8006F7EEF /* Build configuration list for PBXProject "画板" */ = {
			isa = XCConfigurationList;
			buildConfigurations = (
				B62FF2DA210066FA006F7EEF /* Debug */,
				B62FF2DB210066FA006F7EEF /* Release */,
			);
			defaultConfigurationIsVisible = 0;
			defaultConfigurationName = Release;
		};
		B62FF2DC210066FA006F7EEF /* Build configuration list for PBXNativeTarget "画板" */ = {
			isa = XCConfigurationList;
			buildConfigurations = (
				B62FF2DD210066FA006F7EEF /* Debug */,
				B62FF2DE210066FA006F7EEF /* Release */,
			);
			defaultConfigurationIsVisible = 0;
			defaultConfigurationName = Release;
		};
		B62FF2DF210066FA006F7EEF /* Build configuration list for PBXNativeTarget "画板Tests" */ = {
			isa = XCConfigurationList;
			buildConfigurations = (
				B62FF2E0210066FA006F7EEF /* Debug */,
				B62FF2E1210066FA006F7EEF /* Release */,
			);
			defaultConfigurationIsVisible = 0;
			defaultConfigurationName = Release;
		};
		B62FF2E2210066FA006F7EEF /* Build configuration list for PBXNativeTarget "画板UITests" */ = {
			isa = XCConfigurationList;
			buildConfigurations = (
				B62FF2E3210066FA006F7EEF /* Debug */,
				B62FF2E4210066FA006F7EEF /* Release */,
			);
			defaultConfigurationIsVisible = 0;
			defaultConfigurationName = Release;
		};
/* End XCConfigurationList section */
	};
	rootObject = B62FF2A8210066F8006F7EEF /* Project object */;
}
